
Microsoft Visual Studio Solution File, Format Version 12.00
# Visual Studio Version 16
VisualStudioVersion = 16.0.31410.357
MinimumVisualStudioVersion = 10.0.40219.1
Project("{FAE04EC0-301F-11D3-BF4B-00C04F79EFBC}") = "Stock Account Management", "Stock Account Management\Stock Account Management.csproj", "{20212CB4-2D66-41F2-B533-C614C69368CB}"
EndProject
Global
	GlobalSection(SolutionConfigurationPlatforms) = preSolution
		Debug|Any CPU = Debug|Any CPU
		Release|Any CPU = Release|Any CPU
	EndGlobalSection
	GlobalSection(ProjectConfigurationPlatforms) = postSolution
		{20212CB4-2D66-41F2-B533-C614C69368CB}.Debug|Any CPU.ActiveCfg = Debug|Any CPU
		{20212CB4-2D66-41F2-B533-C614C69368CB}.Debug|Any CPU.Build.0 = Debug|Any CPU
		{20212CB4-2D66-41F2-B533-C614C69368CB}.Release|Any CPU.ActiveCfg = Release|Any CPU
		{20212CB4-2D66-41F2-B533-C614C69368CB}.Release|Any CPU.Build.0 = Release|Any CPU
	EndGlobalSection
	GlobalSection(SolutionProperties) = preSolution
		HideSolutionNode = FALSE
	EndGlobalSection
	GlobalSection(ExtensibilityGlobals) = postSolution
		SolutionGuid = {01B66BD9-F62A-485A-8A33-282495A16259}
	EndGlobalSection
EndGlobal
